
Microsoft Visual Studio Solution File, Format Version 12.00
# Visual Studio Version 17
VisualStudioVersion = 17.3.32922.545
MinimumVisualStudioVersion = 10.0.40219.1
Project("{FAE04EC0-301F-11D3-BF4B-00C04F79EFBC}") = "Botiga LListes", "Botiga LListes\Botiga LListes.csproj", "{F0586049-C5FD-4AA0-8C0A-9296A5AD4DB0}"
EndProject
Global
	GlobalSection(SolutionConfigurationPlatforms) = preSolution
		Debug|Any CPU = Debug|Any CPU
		Release|Any CPU = Release|Any CPU
	EndGlobalSection
	GlobalSection(ProjectConfigurationPlatforms) = postSolution
		{F0586049-C5FD-4AA0-8C0A-9296A5AD4DB0}.Debug|Any CPU.ActiveCfg = Debug|Any CPU
		{F0586049-C5FD-4AA0-8C0A-9296A5AD4DB0}.Debug|Any CPU.Build.0 = Debug|Any CPU
		{F0586049-C5FD-4AA0-8C0A-9296A5AD4DB0}.Release|Any CPU.ActiveCfg = Release|Any CPU
		{F0586049-C5FD-4AA0-8C0A-9296A5AD4DB0}.Release|Any CPU.Build.0 = Release|Any CPU
	EndGlobalSection
	GlobalSection(SolutionProperties) = preSolution
		HideSolutionNode = FALSE
	EndGlobalSection
	GlobalSection(ExtensibilityGlobals) = postSolution
		SolutionGuid = {5551E365-3459-4B35-97DA-7AEBF600324B}
	EndGlobalSection
EndGlobal
